// !$*UTF8*$!
{
	archiveVersion = 1;
	classes = {
	};
	objectVersion = 46;
	objects = {

/* Begin PBXBuildFile section */
		4BDE7B671EFD0D53000E44C4 /* AppDelegate.swift in Sources */ = {isa = PBXBuildFile; fileRef = 4BDE7B661EFD0D53000E44C4 /* AppDelegate.swift */; };
		4BDE7B691EFD0D53000E44C4 /* ViewController.swift in Sources */ = {isa = PBXBuildFile; fileRef = 4BDE7B681EFD0D53000E44C4 /* ViewController.swift */; };
		4BDE7B6C1EFD0D53000E44C4 /* Main.storyboard in Resources */ = {isa = PBXBuildFile; fileRef = 4BDE7B6A1EFD0D53000E44C4 /* Main.storyboard */; };
		4BDE7B6E1EFD0D53000E44C4 /* Assets.xcassets in Resources */ = {isa = PBXBuildFile; fileRef = 4BDE7B6D1EFD0D53000E44C4 /* Assets.xcassets */; };
		4BDE7B711EFD0D53000E44C4 /* LaunchScreen.storyboard in Resources */ = {isa = PBXBuildFile; fileRef = 4BDE7B6F1EFD0D53000E44C4 /* LaunchScreen.storyboard */; };
		4BDE7B7C1EFD0D53000E44C4 /* Playback_and_EditingTests.swift in Sources */ = {isa = PBXBuildFile; fileRef = 4BDE7B7B1EFD0D53000E44C4 /* Playback_and_EditingTests.swift */; };
		4BDE7B871EFD0D53000E44C4 /* Playback_and_EditingUITests.swift in Sources */ = {isa = PBXBuildFile; fileRef = 4BDE7B861EFD0D53000E44C4 /* Playback_and_EditingUITests.swift */; };
		4BDE7B951EFD0E32000E44C4 /* dog.mp4 in Resources */ = {isa = PBXBuildFile; fileRef = 4BDE7B941EFD0DE7000E44C4 /* dog.mp4 */; };
/* End PBXBuildFile section */

/* Begin PBXContainerItemProxy section */
		4BDE7B781EFD0D53000E44C4 /* PBXContainerItemProxy */ = {
			isa = PBXContainerItemProxy;
			containerPortal = 4BDE7B5B1EFD0D53000E44C4 /* Project object */;
			proxyType = 1;
			remoteGlobalIDString = 4BDE7B621EFD0D53000E44C4;
			remoteInfo = "Playback and Editing";
		};
		4BDE7B831EFD0D53000E44C4 /* PBXContainerItemProxy */ = {
			isa = PBXContainerItemProxy;
			containerPortal = 4BDE7B5B1EFD0D53000E44C4 /* Project object */;
			proxyType = 1;
			remoteGlobalIDString = 4BDE7B621EFD0D53000E44C4;
			remoteInfo = "Playback and Editing";
		};
/* End PBXContainerItemProxy section */

/* Begin PBXFileReference section */
		4BDE7B631EFD0D53000E44C4 /* Playback and Editing.app */ = {isa = PBXFileReference; explicitFileType = wrapper.application; includeInIndex = 0; path = "Playback and Editing.app"; sourceTree = BUILT_PRODUCTS_DIR; };
		4BDE7B661EFD0D53000E44C4 /* AppDelegate.swift */ = {isa = PBXFileReference; lastKnownFileType = sourcecode.swift; path = AppDelegate.swift; sourceTree = "<group>"; };
		4BDE7B681EFD0D53000E44C4 /* ViewController.swift */ = {isa = PBXFileReference; lastKnownFileType = sourcecode.swift; path = ViewController.swift; sourceTree = "<group>"; };
		4BDE7B6B1EFD0D53000E44C4 /* Base */ = {isa = PBXFileReference; lastKnownFileType = file.storyboard; name = Base; path = Base.lproj/Main.storyboard; sourceTree = "<group>"; };
		4BDE7B6D1EFD0D53000E44C4 /* Assets.xcassets */ = {isa = PBXFileReference; lastKnownFileType = folder.assetcatalog; path = Assets.xcassets; sourceTree = "<group>"; };
		4BDE7B701EFD0D53000E44C4 /* Base */ = {isa = PBXFileReference; lastKnownFileType = file.storyboard; name = Base; path = Base.lproj/LaunchScreen.storyboard; sourceTree = "<group>"; };
		4BDE7B721EFD0D53000E44C4 /* Info.plist */ = {isa = PBXFileReference; lastKnownFileType = text.plist.xml; path = Info.plist; sourceTree = "<group>"; };
		4BDE7B771EFD0D53000E44C4 /* Playback and EditingTests.xctest */ = {isa = PBXFileReference; explicitFileType = wrapper.cfbundle; includeInIndex = 0; path = "Playback and EditingTests.xctest"; sourceTree = BUILT_PRODUCTS_DIR; };
		4BDE7B7B1EFD0D53000E44C4 /* Playback_and_EditingTests.swift */ = {isa = PBXFileReference; lastKnownFileType = sourcecode.swift; path = Playback_and_EditingTests.swift; sourceTree = "<group>"; };
		4BDE7B7D1EFD0D53000E44C4 /* Info.plist */ = {isa = PBXFileReference; lastKnownFileType = text.plist.xml; path = Info.plist; sourceTree = "<group>"; };
		4BDE7B821EFD0D53000E44C4 /* Playback and EditingUITests.xctest */ = {isa = PBXFileReference; explicitFileType = wrapper.cfbundle; includeInIndex = 0; path = "Playback and EditingUITests.xctest"; sourceTree = BUILT_PRODUCTS_DIR; };
		4BDE7B861EFD0D53000E44C4 /* Playback_and_EditingUITests.swift */ = {isa = PBXFileReference; lastKnownFileType = sourcecode.swift; path = Playback_and_EditingUITests.swift; sourceTree = "<group>"; };
		4BDE7B881EFD0D53000E44C4 /* Info.plist */ = {isa = PBXFileReference; lastKnownFileType = text.plist.xml; path = Info.plist; sourceTree = "<group>"; };
		4BDE7B941EFD0DE7000E44C4 /* dog.mp4 */ = {isa = PBXFileReference; lastKnownFileType = file; path = dog.mp4; sourceTree = "<group>"; };
/* End PBXFileReference section */

/* Begin PBXFrameworksBuildPhase section */
		4BDE7B601EFD0D53000E44C4 /* Frameworks */ = {
			isa = PBXFrameworksBuildPhase;
			buildActionMask = 2147483647;
			files = (
			);
			runOnlyForDeploymentPostprocessing = 0;
		};
		4BDE7B741EFD0D53000E44C4 /* Frameworks */ = {
			isa = PBXFrameworksBuildPhase;
			buildActionMask = 2147483647;
			files = (
			);
			runOnlyForDeploymentPostprocessing = 0;
		};
		4BDE7B7F1EFD0D53000E44C4 /* Frameworks */ = {
			isa = PBXFrameworksBuildPhase;
			buildActionMask = 2147483647;
			files = (
			);
			runOnlyForDeploymentPostprocessing = 0;
		};
/* End PBXFrameworksBuildPhase section */

/* Begin PBXGroup section */
		4BDE7B5A1EFD0D53000E44C4 = {
			isa = PBXGroup;
			children = (
				4BDE7B651EFD0D53000E44C4 /* Playback and Editing */,
				4BDE7B7A1EFD0D53000E44C4 /* Playback and EditingTests */,
				4BDE7B851EFD0D53000E44C4 /* Playback and EditingUITests */,
				4BDE7B641EFD0D53000E44C4 /* Products */,
			);
			sourceTree = "<group>";
		};
		4BDE7B641EFD0D53000E44C4 /* Products */ = {
			isa = PBXGroup;
			children = (
				4BDE7B631EFD0D53000E44C4 /* Playback and Editing.app */,
				4BDE7B771EFD0D53000E44C4 /* Playback and EditingTests.xctest */,
				4BDE7B821EFD0D53000E44C4 /* Playback and EditingUITests.xctest */,
			);
			name = Products;
			sourceTree = "<group>";
		};
		4BDE7B651EFD0D53000E44C4 /* Playback and Editing */ = {
			isa = PBXGroup;
			children = (
				4BDE7B661EFD0D53000E44C4 /* AppDelegate.swift */,
				4BDE7B681EFD0D53000E44C4 /* ViewController.swift */,
				4BDE7B941EFD0DE7000E44C4 /* dog.mp4 */,
				4BDE7B6A1EFD0D53000E44C4 /* Main.storyboard */,
				4BDE7B6D1EFD0D53000E44C4 /* Assets.xcassets */,
				4BDE7B6F1EFD0D53000E44C4 /* LaunchScreen.storyboard */,
				4BDE7B721EFD0D53000E44C4 /* Info.plist */,
			);
			path = "Playback and Editing";
			sourceTree = "<group>";
		};
		4BDE7B7A1EFD0D53000E44C4 /* Playback and EditingTests */ = {
			isa = PBXGroup;
			children = (
				4BDE7B7B1EFD0D53000E44C4 /* Playback_and_EditingTests.swift */,
				4BDE7B7D1EFD0D53000E44C4 /* Info.plist */,
			);
			path = "Playback and EditingTests";
			sourceTree = "<group>";
		};
		4BDE7B851EFD0D53000E44C4 /* Playback and EditingUITests */ = {
			isa = PBXGroup;
			children = (
				4BDE7B861EFD0D53000E44C4 /* Playback_and_EditingUITests.swift */,
				4BDE7B881EFD0D53000E44C4 /* Info.plist */,
			);
			path = "Playback and EditingUITests";
			sourceTree = "<group>";
		};
/* End PBXGroup section */

/* Begin PBXNativeTarget section */
		4BDE7B621EFD0D53000E44C4 /* Playback and Editing */ = {
			isa = PBXNativeTarget;
			buildConfigurationList = 4BDE7B8B1EFD0D53000E44C4 /* Build configuration list for PBXNativeTarget "Playback and Editing" */;
			buildPhases = (
				4BDE7B5F1EFD0D53000E44C4 /* Sources */,
				4BDE7B601EFD0D53000E44C4 /* Frameworks */,
				4BDE7B611EFD0D53000E44C4 /* Resources */,
			);
			buildRules = (
			);
			dependencies = (
			);
			name = "Playback and Editing";
			productName = "Playback and Editing";
			productReference = 4BDE7B631EFD0D53000E44C4 /* Playback and Editing.app */;
			productType = "com.apple.product-type.application";
		};
		4BDE7B761EFD0D53000E44C4 /* Playback and EditingTests */ = {
			isa = PBXNativeTarget;
			buildConfigurationList = 4BDE7B8E1EFD0D53000E44C4 /* Build configuration list for PBXNativeTarget "Playback and EditingTests" */;
			buildPhases = (
				4BDE7B731EFD0D53000E44C4 /* Sources */,
				4BDE7B741EFD0D53000E44C4 /* Frameworks */,
				4BDE7B751EFD0D53000E44C4 /* Resources */,
			);
			buildRules = (
			);
			dependencies = (
				4BDE7B791EFD0D53000E44C4 /* PBXTargetDependency */,
			);
			name = "Playback and EditingTests";
			productName = "Playback and EditingTests";
			productReference = 4BDE7B771EFD0D53000E44C4 /* Playback and EditingTests.xctest */;
			productType = "com.apple.product-type.bundle.unit-test";
		};
		4BDE7B811EFD0D53000E44C4 /* Playback and EditingUITests */ = {
			isa = PBXNativeTarget;
			buildConfigurationList = 4BDE7B911EFD0D53000E44C4 /* Build configuration list for PBXNativeTarget "Playback and EditingUITests" */;
			buildPhases = (
				4BDE7B7E1EFD0D53000E44C4 /* Sources */,
				4BDE7B7F1EFD0D53000E44C4 /* Frameworks */,
				4BDE7B801EFD0D53000E44C4 /* Resources */,
			);
			buildRules = (
			);
			dependencies = (
				4BDE7B841EFD0D53000E44C4 /* PBXTargetDependency */,
			);
			name = "Playback and EditingUITests";
			productName = "Playback and EditingUITests";
			productReference = 4BDE7B821EFD0D53000E44C4 /* Playback and EditingUITests.xctest */;
			productType = "com.apple.product-type.bundle.ui-testing";
		};
/* End PBXNativeTarget section */

/* Begin PBXProject section */
		4BDE7B5B1EFD0D53000E44C4 /* Project object */ = {
			isa = PBXProject;
			attributes = {
				LastSwiftUpdateCheck = 0830;
				LastUpgradeCheck = 0830;
				ORGANIZATIONNAME = "肖卓鸿";
				TargetAttributes = {
					4BDE7B621EFD0D53000E44C4 = {
						CreatedOnToolsVersion = 8.3.3;
						DevelopmentTeam = XTSX5XD8U8;
						ProvisioningStyle = Automatic;
					};
					4BDE7B761EFD0D53000E44C4 = {
						CreatedOnToolsVersion = 8.3.3;
						DevelopmentTeam = XTSX5XD8U8;
						ProvisioningStyle = Automatic;
						TestTargetID = 4BDE7B621EFD0D53000E44C4;
					};
					4BDE7B811EFD0D53000E44C4 = {
						CreatedOnToolsVersion = 8.3.3;
						DevelopmentTeam = XTSX5XD8U8;
						ProvisioningStyle = Automatic;
						TestTargetID = 4BDE7B621EFD0D53000E44C4;
					};
				};
			};
			buildConfigurationList = 4BDE7B5E1EFD0D53000E44C4 /* Build configuration list for PBXProject "Playback and Editing" */;
			compatibilityVersion = "Xcode 3.2";
			developmentRegion = English;
			hasScannedForEncodings = 0;
			knownRegions = (
				en,
				Base,
			);
			mainGroup = 4BDE7B5A1EFD0D53000E44C4;
			productRefGroup = 4BDE7B641EFD0D53000E44C4 /* Products */;
			projectDirPath = "";
			projectRoot = "";
			targets = (
				4BDE7B621EFD0D53000E44C4 /* Playback and Editing */,
				4BDE7B761EFD0D53000E44C4 /* Playback and EditingTests */,
				4BDE7B811EFD0D53000E44C4 /* Playback and EditingUITests */,
			);
		};
/* End PBXProject section */

/* Begin PBXResourcesBuildPhase section */
		4BDE7B611EFD0D53000E44C4 /* Resources */ = {
			isa = PBXResourcesBuildPhase;
			buildActionMask = 2147483647;
			files = (
				4BDE7B951EFD0E32000E44C4 /* dog.mp4 in Resources */,
				4BDE7B711EFD0D53000E44C4 /* LaunchScreen.storyboard in Resources */,
				4BDE7B6E1EFD0D53000E44C4 /* Assets.xcassets in Resources */,
				4BDE7B6C1EFD0D53000E44C4 /* Main.storyboard in Resources */,
			);
			runOnlyForDeploymentPostprocessing = 0;
		};
		4BDE7B751EFD0D53000E44C4 /* Resources */ = {
			isa = PBXResourcesBuildPhase;
			buildActionMask = 2147483647;
			files = (
			);
			runOnlyForDeploymentPostprocessing = 0;
		};
		4BDE7B801EFD0D53000E44C4 /* Resources */ = {
			isa = PBXResourcesBuildPhase;
			buildActionMask = 2147483647;
			files = (
			);
			runOnlyForDeploymentPostprocessing = 0;
		};
/* End PBXResourcesBuildPhase section */

/* Begin PBXSourcesBuildPhase section */
		4BDE7B5F1EFD0D53000E44C4 /* Sources */ = {
			isa = PBXSourcesBuildPhase;
			buildActionMask = 2147483647;
			files = (
				4BDE7B691EFD0D53000E44C4 /* ViewController.swift in Sources */,
				4BDE7B671EFD0D53000E44C4 /* AppDelegate.swift in Sources */,
			);
			runOnlyForDeploymentPostprocessing = 0;
		};
		4BDE7B731EFD0D53000E44C4 /* Sources */ = {
			isa = PBXSourcesBuildPhase;
			buildActionMask = 2147483647;
			files = (
				4BDE7B7C1EFD0D53000E44C4 /* Playback_and_EditingTests.swift in Sources */,
			);
			runOnlyForDeploymentPostprocessing = 0;
		};
		4BDE7B7E1EFD0D53000E44C4 /* Sources */ = {
			isa = PBXSourcesBuildPhase;
			buildActionMask = 2147483647;
			files = (
				4BDE7B871EFD0D53000E44C4 /* Playback_and_EditingUITests.swift in Sources */,
			);
			runOnlyForDeploymentPostprocessing = 0;
		};
/* End PBXSourcesBuildPhase section */

/* Begin PBXTargetDependency section */
		4BDE7B791EFD0D53000E44C4 /* PBXTargetDependency */ = {
			isa = PBXTargetDependency;
			target = 4BDE7B621EFD0D53000E44C4 /* Playback and Editing */;
			targetProxy = 4BDE7B781EFD0D53000E44C4 /* PBXContainerItemProxy */;
		};
		4BDE7B841EFD0D53000E44C4 /* PBXTargetDependency */ = {
			isa = PBXTargetDependency;
			target = 4BDE7B621EFD0D53000E44C4 /* Playback and Editing */;
			targetProxy = 4BDE7B831EFD0D53000E44C4 /* PBXContainerItemProxy */;
		};
/* End PBXTargetDependency section */

/* Begin PBXVariantGroup section */
		4BDE7B6A1EFD0D53000E44C4 /* Main.storyboard */ = {
			isa = PBXVariantGroup;
			children = (
				4BDE7B6B1EFD0D53000E44C4 /* Base */,
			);
			name = Main.storyboard;
			sourceTree = "<group>";
		};
		4BDE7B6F1EFD0D53000E44C4 /* LaunchScreen.storyboard */ = {
			isa = PBXVariantGroup;
			children = (
				4BDE7B701EFD0D53000E44C4 /* Base */,
			);
			name = LaunchScreen.storyboard;
			sourceTree = "<group>";
		};
/* End PBXVariantGroup section */

/* Begin XCBuildConfiguration section */
		4BDE7B891EFD0D53000E44C4 /* Debug */ = {
			isa = XCBuildConfiguration;
			buildSettings = {
				ALWAYS_SEARCH_USER_PATHS = NO;
				CLANG_ANALYZER_NONNULL = YES;
				CLANG_ANALYZER_NUMBER_OBJECT_CONVERSION = YES_AGGRESSIVE;
				CLANG_CXX_LANGUAGE_STANDARD = "gnu++0x";
				CLANG_CXX_LIBRARY = "libc++";
				CLANG_ENABLE_MODULES = YES;
				CLANG_ENABLE_OBJC_ARC = YES;
				CLANG_WARN_BOOL_CONVERSION = YES;
				CLANG_WARN_CONSTANT_CONVERSION = YES;
				CLANG_WARN_DIRECT_OBJC_ISA_USAGE = YES_ERROR;
				CLANG_WARN_DOCUMENTATION_COMMENTS = YES;
				CLANG_WARN_EMPTY_BODY = YES;
				CLANG_WARN_ENUM_CONVERSION = YES;
				CLANG_WARN_INFINITE_RECURSION = YES;
				CLANG_WARN_INT_CONVERSION = YES;
				CLANG_WARN_OBJC_ROOT_CLASS = YES_ERROR;
				CLANG_WARN_SUSPICIOUS_MOVE = YES;
				CLANG_WARN_UNREACHABLE_CODE = YES;
				CLANG_WARN__DUPLICATE_METHOD_MATCH = YES;
				"CODE_SIGN_IDENTITY[sdk=iphoneos*]" = "iPhone Developer";
				COPY_PHASE_STRIP = NO;
				DEBUG_INFORMATION_FORMAT = dwarf;
				ENABLE_STRICT_OBJC_MSGSEND = YES;
				ENABLE_TESTABILITY = YES;
				GCC_C_LANGUAGE_STANDARD = gnu99;
				GCC_DYNAMIC_NO_PIC = NO;
				GCC_NO_COMMON_BLOCKS = YES;
				GCC_OPTIMIZATION_LEVEL = 0;
				GCC_PREPROCESSOR_DEFINITIONS = (
					"DEBUG=1",
					"$(inherited)",
				);
				GCC_WARN_64_TO_32_BIT_CONVERSION = YES;
				GCC_WARN_ABOUT_RETURN_TYPE = YES_ERROR;
				GCC_WARN_UNDECLARED_SELECTOR = YES;
				GCC_WARN_UNINITIALIZED_AUTOS = YES_AGGRESSIVE;
				GCC_WARN_UNUSED_FUNCTION = YES;
				GCC_WARN_UNUSED_VARIABLE = YES;
				IPHONEOS_DEPLOYMENT_TARGET = 10.3;
				MTL_ENABLE_DEBUG_INFO = YES;
				ONLY_ACTIVE_ARCH = YES;
				SDKROOT = iphoneos;
				SWIFT_ACTIVE_COMPILATION_CONDITIONS = DEBUG;
				SWIFT_OPTIMIZATION_LEVEL = "-Onone";
				TARGETED_DEVICE_FAMILY = "1,2";
			};
			name = Debug;
		};
		4BDE7B8A1EFD0D53000E44C4 /* Release */ = {
			isa = XCBuildConfiguration;
			buildSettings = {
				ALWAYS_SEARCH_USER_PATHS = NO;
				CLANG_ANALYZER_NONNULL = YES;
				CLANG_ANALYZER_NUMBER_OBJECT_CONVERSION = YES_AGGRESSIVE;
				CLANG_CXX_LANGUAGE_STANDARD = "gnu++0x";
				CLANG_CXX_LIBRARY = "libc++";
				CLANG_ENABLE_MODULES = YES;
				CLANG_ENABLE_OBJC_ARC = YES;
				CLANG_WARN_BOOL_CONVERSION = YES;
				CLANG_WARN_CONSTANT_CONVERSION = YES;
				CLANG_WARN_DIRECT_OBJC_ISA_USAGE = YES_ERROR;
				CLANG_WARN_DOCUMENTATION_COMMENTS = YES;
				CLANG_WARN_EMPTY_BODY = YES;
				CLANG_WARN_ENUM_CONVERSION = YES;
				CLANG_WARN_INFINITE_RECURSION = YES;
				CLANG_WARN_INT_CONVERSION = YES;
				CLANG_WARN_OBJC_ROOT_CLASS = YES_ERROR;
				CLANG_WARN_SUSPICIOUS_MOVE = YES;
				CLANG_WARN_UNREACHABLE_CODE = YES;
				CLANG_WARN__DUPLICATE_METHOD_MATCH = YES;
				"CODE_SIGN_IDENTITY[sdk=iphoneos*]" = "iPhone Developer";
				COPY_PHASE_STRIP = NO;
				DEBUG_INFORMATION_FORMAT = "dwarf-with-dsym";
				ENABLE_NS_ASSERTIONS = NO;
				ENABLE_STRICT_OBJC_MSGSEND = YES;
				GCC_C_LANGUAGE_STANDARD = gnu99;
				GCC_NO_COMMON_BLOCKS = YES;
				GCC_WARN_64_TO_32_BIT_CONVERSION = YES;
				GCC_WARN_ABOUT_RETURN_TYPE = YES_ERROR;
				GCC_WARN_UNDECLARED_SELECTOR = YES;
				GCC_WARN_UNINITIALIZED_AUTOS = YES_AGGRESSIVE;
				GCC_WARN_UNUSED_FUNCTION = YES;
				GCC_WARN_UNUSED_VARIABLE = YES;
				IPHONEOS_DEPLOYMENT_TARGET = 10.3;
				MTL_ENABLE_DEBUG_INFO = NO;
				SDKROOT = iphoneos;
				SWIFT_OPTIMIZATION_LEVEL = "-Owholemodule";
				TARGETED_DEVICE_FAMILY = "1,2";
				VALIDATE_PRODUCT = YES;
			};
			name = Release;
		};
		4BDE7B8C1EFD0D53000E44C4 /* Debug */ = {
			isa = XCBuildConfiguration;
			buildSettings = {
				ASSETCATALOG_COMPILER_APPICON_NAME = AppIcon;
				DEVELOPMENT_TEAM = XTSX5XD8U8;
				INFOPLIST_FILE = "Playback and Editing/Info.plist";
				LD_RUNPATH_SEARCH_PATHS = "$(inherited) @executable_path/Frameworks";
				PRODUCT_BUNDLE_IDENTIFIER = "com.laughingg.Playback-and-Editing";
				PRODUCT_NAME = "$(TARGET_NAME)";
				SWIFT_VERSION = 3.0;
			};
			name = Debug;
		};
		4BDE7B8D1EFD0D53000E44C4 /* Release */ = {
			isa = XCBuildConfiguration;
			buildSettings = {
				ASSETCATALOG_COMPILER_APPICON_NAME = AppIcon;
				DEVELOPMENT_TEAM = XTSX5XD8U8;
				INFOPLIST_FILE = "Playback and Editing/Info.plist";
				LD_RUNPATH_SEARCH_PATHS = "$(inherited) @executable_path/Frameworks";
				PRODUCT_BUNDLE_IDENTIFIER = "com.laughingg.Playback-and-Editing";
				PRODUCT_NAME = "$(TARGET_NAME)";
				SWIFT_VERSION = 3.0;
			};
			name = Release;
		};
		4BDE7B8F1EFD0D53000E44C4 /* Debug */ = {
			isa = XCBuildConfiguration;
			buildSettings = {
				ALWAYS_EMBED_SWIFT_STANDARD_LIBRARIES = YES;
				BUNDLE_LOADER = "$(TEST_HOST)";
				DEVELOPMENT_TEAM = XTSX5XD8U8;
				INFOPLIST_FILE = "Playback and EditingTests/Info.plist";
				LD_RUNPATH_SEARCH_PATHS = "$(inherited) @executable_path/Frameworks @loader_path/Frameworks";
				PRODUCT_BUNDLE_IDENTIFIER = "com.laughingg.Playback-and-EditingTests";
				PRODUCT_NAME = "$(TARGET_NAME)";
				SWIFT_VERSION = 3.0;
				TEST_HOST = "$(BUILT_PRODUCTS_DIR)/Playback and Editing.app/Playback and Editing";
			};
			name = Debug;
		};
		4BDE7B901EFD0D53000E44C4 /* Release */ = {
			isa = XCBuildConfiguration;
			buildSettings = {
				ALWAYS_EMBED_SWIFT_STANDARD_LIBRARIES = YES;
				BUNDLE_LOADER = "$(TEST_HOST)";
				DEVELOPMENT_TEAM = XTSX5XD8U8;
				INFOPLIST_FILE = "Playback and EditingTests/Info.plist";
				LD_RUNPATH_SEARCH_PATHS = "$(inherited) @executable_path/Frameworks @loader_path/Frameworks";
				PRODUCT_BUNDLE_IDENTIFIER = "com.laughingg.Playback-and-EditingTests";
				PRODUCT_NAME = "$(TARGET_NAME)";
				SWIFT_VERSION = 3.0;
				TEST_HOST = "$(BUILT_PRODUCTS_DIR)/Playback and Editing.app/Playback and Editing";
			};
			name = Release;
		};
		4BDE7B921EFD0D53000E44C4 /* Debug */ = {
			isa = XCBuildConfiguration;
			buildSettings = {
				ALWAYS_EMBED_SWIFT_STANDARD_LIBRARIES = YES;
				DEVELOPMENT_TEAM = XTSX5XD8U8;
				INFOPLIST_FILE = "Playback and EditingUITests/Info.plist";
				LD_RUNPATH_SEARCH_PATHS = "$(inherited) @executable_path/Frameworks @loader_path/Frameworks";
				PRODUCT_BUNDLE_IDENTIFIER = "com.laughingg.Playback-and-EditingUITests";
				PRODUCT_NAME = "$(TARGET_NAME)";
				SWIFT_VERSION = 3.0;
				TEST_TARGET_NAME = "Playback and Editing";
			};
			name = Debug;
		};
		4BDE7B931EFD0D53000E44C4 /* Release */ = {
			isa = XCBuildConfiguration;
			buildSettings = {
				ALWAYS_EMBED_SWIFT_STANDARD_LIBRARIES = YES;
				DEVELOPMENT_TEAM = XTSX5XD8U8;
				INFOPLIST_FILE = "Playback and EditingUITests/Info.plist";
				LD_RUNPATH_SEARCH_PATHS = "$(inherited) @executable_path/Frameworks @loader_path/Frameworks";
				PRODUCT_BUNDLE_IDENTIFIER = "com.laughingg.Playback-and-EditingUITests";
				PRODUCT_NAME = "$(TARGET_NAME)";
				SWIFT_VERSION = 3.0;
				TEST_TARGET_NAME = "Playback and Editing";
			};
			name = Release;
		};
/* End XCBuildConfiguration section */

/* Begin XCConfigurationList section */
		4BDE7B5E1EFD0D53000E44C4 /* Build configuration list for PBXProject "Playback and Editing" */ = {
			isa = XCConfigurationList;
			buildConfigurations = (
				4BDE7B891EFD0D53000E44C4 /* Debug */,
				4BDE7B8A1EFD0D53000E44C4 /* Release */,
			);
			defaultConfigurationIsVisible = 0;
			defaultConfigurationName = Release;
		};
		4BDE7B8B1EFD0D53000E44C4 /* Build configuration list for PBXNativeTarget "Playback and Editing" */ = {
			isa = XCConfigurationList;
			buildConfigurations = (
				4BDE7B8C1EFD0D53000E44C4 /* Debug */,
				4BDE7B8D1EFD0D53000E44C4 /* Release */,
			);
			defaultConfigurationIsVisible = 0;
		};
		4BDE7B8E1EFD0D53000E44C4 /* Build configuration list for PBXNativeTarget "Playback and EditingTests" */ = {
			isa = XCConfigurationList;
			buildConfigurations = (
				4BDE7B8F1EFD0D53000E44C4 /* Debug */,
				4BDE7B901EFD0D53000E44C4 /* Release */,
			);
			defaultConfigurationIsVisible = 0;
		};
		4BDE7B911EFD0D53000E44C4 /* Build configuration list for PBXNativeTarget "Playback and EditingUITests" */ = {
			isa = XCConfigurationList;
			buildConfigurations = (
				4BDE7B921EFD0D53000E44C4 /* Debug */,
				4BDE7B931EFD0D53000E44C4 /* Release */,
			);
			defaultConfigurationIsVisible = 0;
		};
/* End XCConfigurationList section */
	};
	rootObject = 4BDE7B5B1EFD0D53000E44C4 /* Project object */;
}
